// !$*UTF8*$!
{
	archiveVersion = 1;
	classes = {
	};
	objectVersion = 46;
	objects = {

/* Begin PBXBuildFile section */
		09B1FC631D158F660001C427 /* AppDelegate.swift in Sources */ = {isa = PBXBuildFile; fileRef = 09B1FC621D158F660001C427 /* AppDelegate.swift */; };
		09B1FC651D158F660001C427 /* ViewController.swift in Sources */ = {isa = PBXBuildFile; fileRef = 09B1FC641D158F660001C427 /* ViewController.swift */; };
		09B1FC681D158F660001C427 /* Main.storyboard in Resources */ = {isa = PBXBuildFile; fileRef = 09B1FC661D158F660001C427 /* Main.storyboard */; };
		09B1FC6A1D158F670001C427 /* Assets.xcassets in Resources */ = {isa = PBXBuildFile; fileRef = 09B1FC691D158F670001C427 /* Assets.xcassets */; };
		09B1FC6D1D158F670001C427 /* LaunchScreen.storyboard in Resources */ = {isa = PBXBuildFile; fileRef = 09B1FC6B1D158F670001C427 /* LaunchScreen.storyboard */; };
		09B1FC781D158F670001C427 /* ConfigFilesDemoTests.swift in Sources */ = {isa = PBXBuildFile; fileRef = 09B1FC771D158F670001C427 /* ConfigFilesDemoTests.swift */; };
		09B1FC831D158F670001C427 /* ConfigFilesDemoUITests.swift in Sources */ = {isa = PBXBuildFile; fileRef = 09B1FC821D158F670001C427 /* ConfigFilesDemoUITests.swift */; };
/* End PBXBuildFile section */

/* Begin PBXContainerItemProxy section */
		09B1FC741D158F670001C427 /* PBXContainerItemProxy */ = {
			isa = PBXContainerItemProxy;
			containerPortal = 09B1FC571D158F660001C427 /* Project object */;
			proxyType = 1;
			remoteGlobalIDString = 09B1FC5E1D158F660001C427;
			remoteInfo = ConfigFilesDemo;
		};
		09B1FC7F1D158F670001C427 /* PBXContainerItemProxy */ = {
			isa = PBXContainerItemProxy;
			containerPortal = 09B1FC571D158F660001C427 /* Project object */;
			proxyType = 1;
			remoteGlobalIDString = 09B1FC5E1D158F660001C427;
			remoteInfo = ConfigFilesDemo;
		};
/* End PBXContainerItemProxy section */

/* Begin PBXFileReference section */
		09B1FC5F1D158F660001C427 /* ConfigFilesDemo.app */ = {isa = PBXFileReference; explicitFileType = wrapper.application; includeInIndex = 0; path = ConfigFilesDemo.app; sourceTree = BUILT_PRODUCTS_DIR; };
		09B1FC621D158F660001C427 /* AppDelegate.swift */ = {isa = PBXFileReference; lastKnownFileType = sourcecode.swift; path = AppDelegate.swift; sourceTree = "<group>"; };
		09B1FC641D158F660001C427 /* ViewController.swift */ = {isa = PBXFileReference; lastKnownFileType = sourcecode.swift; path = ViewController.swift; sourceTree = "<group>"; };
		09B1FC671D158F660001C427 /* Base */ = {isa = PBXFileReference; lastKnownFileType = file.storyboard; name = Base; path = Base.lproj/Main.storyboard; sourceTree = "<group>"; };
		09B1FC691D158F670001C427 /* Assets.xcassets */ = {isa = PBXFileReference; lastKnownFileType = folder.assetcatalog; path = Assets.xcassets; sourceTree = "<group>"; };
		09B1FC6C1D158F670001C427 /* Base */ = {isa = PBXFileReference; lastKnownFileType = file.storyboard; name = Base; path = Base.lproj/LaunchScreen.storyboard; sourceTree = "<group>"; };
		09B1FC6E1D158F670001C427 /* Info.plist */ = {isa = PBXFileReference; lastKnownFileType = text.plist.xml; path = Info.plist; sourceTree = "<group>"; };
		09B1FC731D158F670001C427 /* ConfigFilesDemoTests.xctest */ = {isa = PBXFileReference; explicitFileType = wrapper.cfbundle; includeInIndex = 0; path = ConfigFilesDemoTests.xctest; sourceTree = BUILT_PRODUCTS_DIR; };
		09B1FC771D158F670001C427 /* ConfigFilesDemoTests.swift */ = {isa = PBXFileReference; lastKnownFileType = sourcecode.swift; path = ConfigFilesDemoTests.swift; sourceTree = "<group>"; };
		09B1FC791D158F670001C427 /* Info.plist */ = {isa = PBXFileReference; lastKnownFileType = text.plist.xml; path = Info.plist; sourceTree = "<group>"; };
		09B1FC7E1D158F670001C427 /* ConfigFilesDemoUITests.xctest */ = {isa = PBXFileReference; explicitFileType = wrapper.cfbundle; includeInIndex = 0; path = ConfigFilesDemoUITests.xctest; sourceTree = BUILT_PRODUCTS_DIR; };
		09B1FC821D158F670001C427 /* ConfigFilesDemoUITests.swift */ = {isa = PBXFileReference; lastKnownFileType = sourcecode.swift; path = ConfigFilesDemoUITests.swift; sourceTree = "<group>"; };
		09B1FC841D158F670001C427 /* Info.plist */ = {isa = PBXFileReference; lastKnownFileType = text.plist.xml; path = Info.plist; sourceTree = "<group>"; };
/* End PBXFileReference section */

/* Begin PBXFrameworksBuildPhase section */
		09B1FC5C1D158F660001C427 /* Frameworks */ = {
			isa = PBXFrameworksBuildPhase;
			buildActionMask = 2147483647;
			files = (
			);
			runOnlyForDeploymentPostprocessing = 0;
		};
		09B1FC701D158F670001C427 /* Frameworks */ = {
			isa = PBXFrameworksBuildPhase;
			buildActionMask = 2147483647;
			files = (
			);
			runOnlyForDeploymentPostprocessing = 0;
		};
		09B1FC7B1D158F670001C427 /* Frameworks */ = {
			isa = PBXFrameworksBuildPhase;
			buildActionMask = 2147483647;
			files = (
			);
			runOnlyForDeploymentPostprocessing = 0;
		};
/* End PBXFrameworksBuildPhase section */

/* Begin PBXGroup section */
		09B1FC561D158F660001C427 = {
			isa = PBXGroup;
			children = (
				09B1FC611D158F660001C427 /* ConfigFilesDemo */,
				09B1FC761D158F670001C427 /* ConfigFilesDemoTests */,
				09B1FC811D158F670001C427 /* ConfigFilesDemoUITests */,
				09B1FC601D158F660001C427 /* Products */,
			);
			sourceTree = "<group>";
		};
		09B1FC601D158F660001C427 /* Products */ = {
			isa = PBXGroup;
			children = (
				09B1FC5F1D158F660001C427 /* ConfigFilesDemo.app */,
				09B1FC731D158F670001C427 /* ConfigFilesDemoTests.xctest */,
				09B1FC7E1D158F670001C427 /* ConfigFilesDemoUITests.xctest */,
			);
			name = Products;
			sourceTree = "<group>";
		};
		09B1FC611D158F660001C427 /* ConfigFilesDemo */ = {
			isa = PBXGroup;
			children = (
				09B1FC621D158F660001C427 /* AppDelegate.swift */,
				09B1FC641D158F660001C427 /* ViewController.swift */,
				09B1FC661D158F660001C427 /* Main.storyboard */,
				09B1FC691D158F670001C427 /* Assets.xcassets */,
				09B1FC6B1D158F670001C427 /* LaunchScreen.storyboard */,
				09B1FC6E1D158F670001C427 /* Info.plist */,
			);
			path = ConfigFilesDemo;
			sourceTree = "<group>";
		};
		09B1FC761D158F670001C427 /* ConfigFilesDemoTests */ = {
			isa = PBXGroup;
			children = (
				09B1FC771D158F670001C427 /* ConfigFilesDemoTests.swift */,
				09B1FC791D158F670001C427 /* Info.plist */,
			);
			path = ConfigFilesDemoTests;
			sourceTree = "<group>";
		};
		09B1FC811D158F670001C427 /* ConfigFilesDemoUITests */ = {
			isa = PBXGroup;
			children = (
				09B1FC821D158F670001C427 /* ConfigFilesDemoUITests.swift */,
				09B1FC841D158F670001C427 /* Info.plist */,
			);
			path = ConfigFilesDemoUITests;
			sourceTree = "<group>";
		};
/* End PBXGroup section */

/* Begin PBXNativeTarget section */
		09B1FC5E1D158F660001C427 /* ConfigFilesDemo */ = {
			isa = PBXNativeTarget;
			buildConfigurationList = 09B1FC871D158F670001C427 /* Build configuration list for PBXNativeTarget "ConfigFilesDemo" */;
			buildPhases = (
				09B1FC5B1D158F660001C427 /* Sources */,
				09B1FC5C1D158F660001C427 /* Frameworks */,
				09B1FC5D1D158F660001C427 /* Resources */,
			);
			buildRules = (
			);
			dependencies = (
			);
			name = ConfigFilesDemo;
			productName = ConfigFilesDemo;
			productReference = 09B1FC5F1D158F660001C427 /* ConfigFilesDemo.app */;
			productType = "com.apple.product-type.application";
		};
		09B1FC721D158F670001C427 /* ConfigFilesDemoTests */ = {
			isa = PBXNativeTarget;
			buildConfigurationList = 09B1FC8A1D158F670001C427 /* Build configuration list for PBXNativeTarget "ConfigFilesDemoTests" */;
			buildPhases = (
				09B1FC6F1D158F670001C427 /* Sources */,
				09B1FC701D158F670001C427 /* Frameworks */,
				09B1FC711D158F670001C427 /* Resources */,
			);
			buildRules = (
			);
			dependencies = (
				09B1FC751D158F670001C427 /* PBXTargetDependency */,
			);
			name = ConfigFilesDemoTests;
			productName = ConfigFilesDemoTests;
			productReference = 09B1FC731D158F670001C427 /* ConfigFilesDemoTests.xctest */;
			productType = "com.apple.product-type.bundle.unit-test";
		};
		09B1FC7D1D158F670001C427 /* ConfigFilesDemoUITests */ = {
			isa = PBXNativeTarget;
			buildConfigurationList = 09B1FC8D1D158F670001C427 /* Build configuration list for PBXNativeTarget "ConfigFilesDemoUITests" */;
			buildPhases = (
				09B1FC7A1D158F670001C427 /* Sources */,
				09B1FC7B1D158F670001C427 /* Frameworks */,
				09B1FC7C1D158F670001C427 /* Resources */,
			);
			buildRules = (
			);
			dependencies = (
				09B1FC801D158F670001C427 /* PBXTargetDependency */,
			);
			name = ConfigFilesDemoUITests;
			productName = ConfigFilesDemoUITests;
			productReference = 09B1FC7E1D158F670001C427 /* ConfigFilesDemoUITests.xctest */;
			productType = "com.apple.product-type.bundle.ui-testing";
		};
/* End PBXNativeTarget section */

/* Begin PBXProject section */
		09B1FC571D158F660001C427 /* Project object */ = {
			isa = PBXProject;
			attributes = {
				LastSwiftUpdateCheck = 0730;
				LastUpgradeCheck = 0730;
				ORGANIZATIONNAME = "Carlos M. Vicente Herrero";
				TargetAttributes = {
					09B1FC5E1D158F660001C427 = {
						CreatedOnToolsVersion = 7.3.1;
					};
					09B1FC721D158F670001C427 = {
						CreatedOnToolsVersion = 7.3.1;
						TestTargetID = 09B1FC5E1D158F660001C427;
					};
					09B1FC7D1D158F670001C427 = {
						CreatedOnToolsVersion = 7.3.1;
						TestTargetID = 09B1FC5E1D158F660001C427;
					};
				};
			};
			buildConfigurationList = 09B1FC5A1D158F660001C427 /* Build configuration list for PBXProject "ConfigFilesDemo" */;
			compatibilityVersion = "Xcode 3.2";
			developmentRegion = English;
			hasScannedForEncodings = 0;
			knownRegions = (
				en,
				Base,
			);
			mainGroup = 09B1FC561D158F660001C427;
			productRefGroup = 09B1FC601D158F660001C427 /* Products */;
			projectDirPath = "";
			projectRoot = "";
			targets = (
				09B1FC5E1D158F660001C427 /* ConfigFilesDemo */,
				09B1FC721D158F670001C427 /* ConfigFilesDemoTests */,
				09B1FC7D1D158F670001C427 /* ConfigFilesDemoUITests */,
			);
		};
/* End PBXProject section */

/* Begin PBXResourcesBuildPhase section */
		09B1FC5D1D158F660001C427 /* Resources */ = {
			isa = PBXResourcesBuildPhase;
			buildActionMask = 2147483647;
			files = (
				09B1FC6D1D158F670001C427 /* LaunchScreen.storyboard in Resources */,
				09B1FC6A1D158F670001C427 /* Assets.xcassets in Resources */,
				09B1FC681D158F660001C427 /* Main.storyboard in Resources */,
			);
			runOnlyForDeploymentPostprocessing = 0;
		};
		09B1FC711D158F670001C427 /* Resources */ = {
			isa = PBXResourcesBuildPhase;
			buildActionMask = 2147483647;
			files = (
			);
			runOnlyForDeploymentPostprocessing = 0;
		};
		09B1FC7C1D158F670001C427 /* Resources */ = {
			isa = PBXResourcesBuildPhase;
			buildActionMask = 2147483647;
			files = (
			);
			runOnlyForDeploymentPostprocessing = 0;
		};
/* End PBXResourcesBuildPhase section */

/* Begin PBXSourcesBuildPhase section */
		09B1FC5B1D158F660001C427 /* Sources */ = {
			isa = PBXSourcesBuildPhase;
			buildActionMask = 2147483647;
			files = (
				09B1FC651D158F660001C427 /* ViewController.swift in Sources */,
				09B1FC631D158F660001C427 /* AppDelegate.swift in Sources */,
			);
			runOnlyForDeploymentPostprocessing = 0;
		};
		09B1FC6F1D158F670001C427 /* Sources */ = {
			isa = PBXSourcesBuildPhase;
			buildActionMask = 2147483647;
			files = (
				09B1FC781D158F670001C427 /* ConfigFilesDemoTests.swift in Sources */,
			);
			runOnlyForDeploymentPostprocessing = 0;
		};
		09B1FC7A1D158F670001C427 /* Sources */ = {
			isa = PBXSourcesBuildPhase;
			buildActionMask = 2147483647;
			files = (
				09B1FC831D158F670001C427 /* ConfigFilesDemoUITests.swift in Sources */,
			);
			runOnlyForDeploymentPostprocessing = 0;
		};
/* End PBXSourcesBuildPhase section */

/* Begin PBXTargetDependency section */
		09B1FC751D158F670001C427 /* PBXTargetDependency */ = {
			isa = PBXTargetDependency;
			target = 09B1FC5E1D158F660001C427 /* ConfigFilesDemo */;
			targetProxy = 09B1FC741D158F670001C427 /* PBXContainerItemProxy */;
		};
		09B1FC801D158F670001C427 /* PBXTargetDependency */ = {
			isa = PBXTargetDependency;
			target = 09B1FC5E1D158F660001C427 /* ConfigFilesDemo */;
			targetProxy = 09B1FC7F1D158F670001C427 /* PBXContainerItemProxy */;
		};
/* End PBXTargetDependency section */

/* Begin PBXVariantGroup section */
		09B1FC661D158F660001C427 /* Main.storyboard */ = {
			isa = PBXVariantGroup;
			children = (
				09B1FC671D158F660001C427 /* Base */,
			);
			name = Main.storyboard;
			sourceTree = "<group>";
		};
		09B1FC6B1D158F670001C427 /* LaunchScreen.storyboard */ = {
			isa = PBXVariantGroup;
			children = (
				09B1FC6C1D158F670001C427 /* Base */,
			);
			name = LaunchScreen.storyboard;
			sourceTree = "<group>";
		};
/* End PBXVariantGroup section */

/* Begin XCBuildConfiguration section */
		09B1FC851D158F670001C427 /* Debug */ = {
			isa = XCBuildConfiguration;
			buildSettings = {
				ALWAYS_SEARCH_USER_PATHS = NO;
				CLANG_ANALYZER_NONNULL = YES;
				CLANG_CXX_LANGUAGE_STANDARD = "gnu++0x";
				CLANG_CXX_LIBRARY = "libc++";
				CLANG_ENABLE_MODULES = YES;
				CLANG_ENABLE_OBJC_ARC = YES;
				CLANG_WARN_BOOL_CONVERSION = YES;
				CLANG_WARN_CONSTANT_CONVERSION = YES;
				CLANG_WARN_DIRECT_OBJC_ISA_USAGE = YES_ERROR;
				CLANG_WARN_EMPTY_BODY = YES;
				CLANG_WARN_ENUM_CONVERSION = YES;
				CLANG_WARN_INT_CONVERSION = YES;
				CLANG_WARN_OBJC_ROOT_CLASS = YES_ERROR;
				CLANG_WARN_UNREACHABLE_CODE = YES;
				CLANG_WARN__DUPLICATE_METHOD_MATCH = YES;
				"CODE_SIGN_IDENTITY[sdk=iphoneos*]" = "iPhone Developer";
				COPY_PHASE_STRIP = NO;
				DEBUG_INFORMATION_FORMAT = dwarf;
				ENABLE_STRICT_OBJC_MSGSEND = YES;
				ENABLE_TESTABILITY = YES;
				GCC_C_LANGUAGE_STANDARD = gnu99;
				GCC_DYNAMIC_NO_PIC = NO;
				GCC_NO_COMMON_BLOCKS = YES;
				GCC_OPTIMIZATION_LEVEL = 0;
				GCC_PREPROCESSOR_DEFINITIONS = (
					"DEBUG=1",
					"$(inherited)",
				);
				GCC_WARN_64_TO_32_BIT_CONVERSION = YES;
				GCC_WARN_ABOUT_RETURN_TYPE = YES_ERROR;
				GCC_WARN_UNDECLARED_SELECTOR = YES;
				GCC_WARN_UNINITIALIZED_AUTOS = YES_AGGRESSIVE;
				GCC_WARN_UNUSED_FUNCTION = YES;
				GCC_WARN_UNUSED_VARIABLE = YES;
				IPHONEOS_DEPLOYMENT_TARGET = 9.3;
				MTL_ENABLE_DEBUG_INFO = YES;
				ONLY_ACTIVE_ARCH = YES;
				SDKROOT = iphoneos;
				SWIFT_OPTIMIZATION_LEVEL = "-Onone";
				TARGETED_DEVICE_FAMILY = "1,2";
			};
			name = Debug;
		};
		09B1FC861D158F670001C427 /* Release */ = {
			isa = XCBuildConfiguration;
			buildSettings = {
				ALWAYS_SEARCH_USER_PATHS = NO;
				CLANG_ANALYZER_NONNULL = YES;
				CLANG_CXX_LANGUAGE_STANDARD = "gnu++0x";
				CLANG_CXX_LIBRARY = "libc++";
				CLANG_ENABLE_MODULES = YES;
				CLANG_ENABLE_OBJC_ARC = YES;
				CLANG_WARN_BOOL_CONVERSION = YES;
				CLANG_WARN_CONSTANT_CONVERSION = YES;
				CLANG_WARN_DIRECT_OBJC_ISA_USAGE = YES_ERROR;
				CLANG_WARN_EMPTY_BODY = YES;
				CLANG_WARN_ENUM_CONVERSION = YES;
				CLANG_WARN_INT_CONVERSION = YES;
				CLANG_WARN_OBJC_ROOT_CLASS = YES_ERROR;
				CLANG_WARN_UNREACHABLE_CODE = YES;
				CLANG_WARN__DUPLICATE_METHOD_MATCH = YES;
				"CODE_SIGN_IDENTITY[sdk=iphoneos*]" = "iPhone Developer";
				COPY_PHASE_STRIP = NO;
				DEBUG_INFORMATION_FORMAT = "dwarf-with-dsym";
				ENABLE_NS_ASSERTIONS = NO;
				ENABLE_STRICT_OBJC_MSGSEND = YES;
				GCC_C_LANGUAGE_STANDARD = gnu99;
				GCC_NO_COMMON_BLOCKS = YES;
				GCC_WARN_64_TO_32_BIT_CONVERSION = YES;
				GCC_WARN_ABOUT_RETURN_TYPE = YES_ERROR;
				GCC_WARN_UNDECLARED_SELECTOR = YES;
				GCC_WARN_UNINITIALIZED_AUTOS = YES_AGGRESSIVE;
				GCC_WARN_UNUSED_FUNCTION = YES;
				GCC_WARN_UNUSED_VARIABLE = YES;
				IPHONEOS_DEPLOYMENT_TARGET = 9.3;
				MTL_ENABLE_DEBUG_INFO = NO;
				SDKROOT = iphoneos;
				TARGETED_DEVICE_FAMILY = "1,2";
				VALIDATE_PRODUCT = YES;
			};
			name = Release;
		};
		09B1FC881D158F670001C427 /* Debug */ = {
			isa = XCBuildConfiguration;
			buildSettings = {
				ASSETCATALOG_COMPILER_APPICON_NAME = AppIcon;
				INFOPLIST_FILE = ConfigFilesDemo/Info.plist;
				LD_RUNPATH_SEARCH_PATHS = "$(inherited) @executable_path/Frameworks";
				PRODUCT_BUNDLE_IDENTIFIER = cmvicentehe.configFiles.ConfigFilesDemo;
				PRODUCT_NAME = "$(TARGET_NAME)";
			};
			name = Debug;
		};
		09B1FC891D158F670001C427 /* Release */ = {
			isa = XCBuildConfiguration;
			buildSettings = {
				ASSETCATALOG_COMPILER_APPICON_NAME = AppIcon;
				INFOPLIST_FILE = ConfigFilesDemo/Info.plist;
				LD_RUNPATH_SEARCH_PATHS = "$(inherited) @executable_path/Frameworks";
				PRODUCT_BUNDLE_IDENTIFIER = cmvicentehe.configFiles.ConfigFilesDemo;
				PRODUCT_NAME = "$(TARGET_NAME)";
			};
			name = Release;
		};
		09B1FC8B1D158F670001C427 /* Debug */ = {
			isa = XCBuildConfiguration;
			buildSettings = {
				BUNDLE_LOADER = "$(TEST_HOST)";
				INFOPLIST_FILE = ConfigFilesDemoTests/Info.plist;
				LD_RUNPATH_SEARCH_PATHS = "$(inherited) @executable_path/Frameworks @loader_path/Frameworks";
				PRODUCT_BUNDLE_IDENTIFIER = cmvicentehe.configFiles.ConfigFilesDemoTests;
				PRODUCT_NAME = "$(TARGET_NAME)";
				TEST_HOST = "$(BUILT_PRODUCTS_DIR)/ConfigFilesDemo.app/ConfigFilesDemo";
			};
			name = Debug;
		};
		09B1FC8C1D158F670001C427 /* Release */ = {
			isa = XCBuildConfiguration;
			buildSettings = {
				BUNDLE_LOADER = "$(TEST_HOST)";
				INFOPLIST_FILE = ConfigFilesDemoTests/Info.plist;
				LD_RUNPATH_SEARCH_PATHS = "$(inherited) @executable_path/Frameworks @loader_path/Frameworks";
				PRODUCT_BUNDLE_IDENTIFIER = cmvicentehe.configFiles.ConfigFilesDemoTests;
				PRODUCT_NAME = "$(TARGET_NAME)";
				TEST_HOST = "$(BUILT_PRODUCTS_DIR)/ConfigFilesDemo.app/ConfigFilesDemo";
			};
			name = Release;
		};
		09B1FC8E1D158F670001C427 /* Debug */ = {
			isa = XCBuildConfiguration;
			buildSettings = {
				INFOPLIST_FILE = ConfigFilesDemoUITests/Info.plist;
				LD_RUNPATH_SEARCH_PATHS = "$(inherited) @executable_path/Frameworks @loader_path/Frameworks";
				PRODUCT_BUNDLE_IDENTIFIER = cmvicentehe.configFiles.ConfigFilesDemoUITests;
				PRODUCT_NAME = "$(TARGET_NAME)";
				TEST_TARGET_NAME = ConfigFilesDemo;
			};
			name = Debug;
		};
		09B1FC8F1D158F670001C427 /* Release */ = {
			isa = XCBuildConfiguration;
			buildSettings = {
				INFOPLIST_FILE = ConfigFilesDemoUITests/Info.plist;
				LD_RUNPATH_SEARCH_PATHS = "$(inherited) @executable_path/Frameworks @loader_path/Frameworks";
				PRODUCT_BUNDLE_IDENTIFIER = cmvicentehe.configFiles.ConfigFilesDemoUITests;
				PRODUCT_NAME = "$(TARGET_NAME)";
				TEST_TARGET_NAME = ConfigFilesDemo;
			};
			name = Release;
		};
/* End XCBuildConfiguration section */

/* Begin XCConfigurationList section */
		09B1FC5A1D158F660001C427 /* Build configuration list for PBXProject "ConfigFilesDemo" */ = {
			isa = XCConfigurationList;
			buildConfigurations = (
				09B1FC851D158F670001C427 /* Debug */,
				09B1FC861D158F670001C427 /* Release */,
			);
			defaultConfigurationIsVisible = 0;
			defaultConfigurationName = Release;
		};
		09B1FC871D158F670001C427 /* Build configuration list for PBXNativeTarget "ConfigFilesDemo" */ = {
			isa = XCConfigurationList;
			buildConfigurations = (
				09B1FC881D158F670001C427 /* Debug */,
				09B1FC891D158F670001C427 /* Release */,
			);
			defaultConfigurationIsVisible = 0;
		};
		09B1FC8A1D158F670001C427 /* Build configuration list for PBXNativeTarget "ConfigFilesDemoTests" */ = {
			isa = XCConfigurationList;
			buildConfigurations = (
				09B1FC8B1D158F670001C427 /* Debug */,
				09B1FC8C1D158F670001C427 /* Release */,
			);
			defaultConfigurationIsVisible = 0;
		};
		09B1FC8D1D158F670001C427 /* Build configuration list for PBXNativeTarget "ConfigFilesDemoUITests" */ = {
			isa = XCConfigurationList;
			buildConfigurations = (
				09B1FC8E1D158F670001C427 /* Debug */,
				09B1FC8F1D158F670001C427 /* Release */,
			);
			defaultConfigurationIsVisible = 0;
		};
/* End XCConfigurationList section */
	};
	rootObject = 09B1FC571D158F660001C427 /* Project object */;
}
